PODS:
  - Flutter (1.0.0)
  - flutter_nimsdk (1.4.5):
    - Flutter
    - MJExtension
    - NIMSDK
  - image_picker (0.0.1):
    - Flutter
  - MJExtension (3.2.1)
  - NIMSDK (6.9.1)

DEPENDENCIES:
  - Flutter (from `Flutter`)
  - flutter_nimsdk (from `.symlinks/plugins/flutter_nimsdk/ios`)
  - image_picker (from `.symlinks/plugins/image_picker/ios`)

SPEC REPOS:
  trunk:
    - MJExtension
    - NIMSDK

EXTERNAL SOURCES:
  Flutter:
    :path: Flutter
  flutter_nimsdk:
    :path: ".symlinks/plugins/flutter_nimsdk/ios"
  image_picker:
    :path: ".symlinks/plugins/image_picker/ios"

SPEC CHECKSUMS:
  Flutter: 0e3d915762c693b495b44d77113d4970485de6ec
  flutter_nimsdk: 2f65ed3240679651eff70aaa61301725813cd3cb
  image_picker: e3eacd46b94694dde7cf2705955cece853aa1a8f
  MJExtension: 635f2c663dcb1bf76fa4b715b2570a5710aec545
  NIMSDK: 52ce92caa6d8f783eca25bf09e7901752abb7c25

PODFILE CHECKSUM: 1b66dae606f75376c5f2135a8290850eeb09ae83

COCOAPODS: 1.8.4
